// !$*UTF8*$!
{
	archiveVersion = 1;
	classes = {
	};
	objectVersion = 50;
	objects = {

/* Begin PBXBuildFile section */
		EF29669024B129D7000FB4A2 /* AppDelegate.swift in Sources */ = {isa = PBXBuildFile; fileRef = EF29668F24B129D7000FB4A2 /* AppDelegate.swift */; };
		EF29669224B129D7000FB4A2 /* SceneDelegate.swift in Sources */ = {isa = PBXBuildFile; fileRef = EF29669124B129D7000FB4A2 /* SceneDelegate.swift */; };
		EF29669424B129D7000FB4A2 /* ViewController.swift in Sources */ = {isa = PBXBuildFile; fileRef = EF29669324B129D7000FB4A2 /* ViewController.swift */; };
		EF29669A24B129D7000FB4A2 /* SmartShoppingList.xcdatamodeld in Sources */ = {isa = PBXBuildFile; fileRef = EF29669824B129D7000FB4A2 /* SmartShoppingList.xcdatamodeld */; };
		EF29669C24B129D9000FB4A2 /* Assets.xcassets in Resources */ = {isa = PBXBuildFile; fileRef = EF29669B24B129D9000FB4A2 /* Assets.xcassets */; };
		EF29669F24B129D9000FB4A2 /* LaunchScreen.storyboard in Resources */ = {isa = PBXBuildFile; fileRef = EF29669D24B129D9000FB4A2 /* LaunchScreen.storyboard */; };
		EF2966AA24B129D9000FB4A2 /* SmartShoppingListTests.swift in Sources */ = {isa = PBXBuildFile; fileRef = EF2966A924B129D9000FB4A2 /* SmartShoppingListTests.swift */; };
		EF2966B524B129D9000FB4A2 /* SmartShoppingListUITests.swift in Sources */ = {isa = PBXBuildFile; fileRef = EF2966B424B129D9000FB4A2 /* SmartShoppingListUITests.swift */; };
		EF2966C324B3DF4E000FB4A2 /* HomeTableViewCell.swift in Sources */ = {isa = PBXBuildFile; fileRef = EF2966C224B3DF4E000FB4A2 /* HomeTableViewCell.swift */; };
		EF29674524B4070E000FB4A2 /* CircularProgress.swift in Sources */ = {isa = PBXBuildFile; fileRef = EF29674424B4070E000FB4A2 /* CircularProgress.swift */; };
		EF29674724B41C32000FB4A2 /* ListItemsViewController.swift in Sources */ = {isa = PBXBuildFile; fileRef = EF29674624B41C32000FB4A2 /* ListItemsViewController.swift */; };
		EF29674924B42739000FB4A2 /* ListItemsViewCell.swift in Sources */ = {isa = PBXBuildFile; fileRef = EF29674824B42739000FB4A2 /* ListItemsViewCell.swift */; };
		EF29674B24B68C37000FB4A2 /* ListItemEditViewController.swift in Sources */ = {isa = PBXBuildFile; fileRef = EF29674A24B68C37000FB4A2 /* ListItemEditViewController.swift */; };
		EF29674D24B6CFE9000FB4A2 /* ListEditViewController.swift in Sources */ = {isa = PBXBuildFile; fileRef = EF29674C24B6CFE9000FB4A2 /* ListEditViewController.swift */; };
		EF29674F24B6EC2E000FB4A2 /* MapViewController.swift in Sources */ = {isa = PBXBuildFile; fileRef = EF29674E24B6EC2E000FB4A2 /* MapViewController.swift */; };
		EFC7BA3B24C03618003BD158 /* Shoplist+CoreDataClass.swift in Sources */ = {isa = PBXBuildFile; fileRef = EFC7BA3924C03618003BD158 /* Shoplist+CoreDataClass.swift */; };
		EFC7BA3C24C03618003BD158 /* Shoplist+CoreDataProperties.swift in Sources */ = {isa = PBXBuildFile; fileRef = EFC7BA3A24C03618003BD158 /* Shoplist+CoreDataProperties.swift */; };
		EFE26CFA24BFB45D00223F9D /* MainViewModel.swift in Sources */ = {isa = PBXBuildFile; fileRef = EFE26CF924BFB45D00223F9D /* MainViewModel.swift */; };
		EFE26CFC24BFB65F00223F9D /* MainRepository.swift in Sources */ = {isa = PBXBuildFile; fileRef = EFE26CFB24BFB65F00223F9D /* MainRepository.swift */; };
		EFE26D0024BFB97800223F9D /* DataManager.swift in Sources */ = {isa = PBXBuildFile; fileRef = EFE26CFF24BFB97800223F9D /* DataManager.swift */; };
/* End PBXBuildFile section */

/* Begin PBXContainerItemProxy section */
		EF2966A624B129D9000FB4A2 /* PBXContainerItemProxy */ = {
			isa = PBXContainerItemProxy;
			containerPortal = EF29668424B129D7000FB4A2 /* Project object */;
			proxyType = 1;
			remoteGlobalIDString = EF29668B24B129D7000FB4A2;
			remoteInfo = SmartShoppingList;
		};
		EF2966B124B129D9000FB4A2 /* PBXContainerItemProxy */ = {
			isa = PBXContainerItemProxy;
			containerPortal = EF29668424B129D7000FB4A2 /* Project object */;
			proxyType = 1;
			remoteGlobalIDString = EF29668B24B129D7000FB4A2;
			remoteInfo = SmartShoppingList;
		};
/* End PBXContainerItemProxy section */

/* Begin PBXFileReference section */
		EF29668C24B129D7000FB4A2 /* SmartShoppingList.app */ = {isa = PBXFileReference; explicitFileType = wrapper.application; includeInIndex = 0; path = SmartShoppingList.app; sourceTree = BUILT_PRODUCTS_DIR; };
		EF29668F24B129D7000FB4A2 /* AppDelegate.swift */ = {isa = PBXFileReference; lastKnownFileType = sourcecode.swift; path = AppDelegate.swift; sourceTree = "<group>"; };
		EF29669124B129D7000FB4A2 /* SceneDelegate.swift */ = {isa = PBXFileReference; lastKnownFileType = sourcecode.swift; path = SceneDelegate.swift; sourceTree = "<group>"; };
		EF29669324B129D7000FB4A2 /* ViewController.swift */ = {isa = PBXFileReference; lastKnownFileType = sourcecode.swift; path = ViewController.swift; sourceTree = "<group>"; };
		EF29669924B129D7000FB4A2 /* SmartShoppingList.xcdatamodel */ = {isa = PBXFileReference; lastKnownFileType = wrapper.xcdatamodel; path = SmartShoppingList.xcdatamodel; sourceTree = "<group>"; };
		EF29669B24B129D9000FB4A2 /* Assets.xcassets */ = {isa = PBXFileReference; lastKnownFileType = folder.assetcatalog; path = Assets.xcassets; sourceTree = "<group>"; };
		EF29669E24B129D9000FB4A2 /* Base */ = {isa = PBXFileReference; lastKnownFileType = file.storyboard; name = Base; path = Base.lproj/LaunchScreen.storyboard; sourceTree = "<group>"; };
		EF2966A024B129D9000FB4A2 /* Info.plist */ = {isa = PBXFileReference; lastKnownFileType = text.plist.xml; path = Info.plist; sourceTree = "<group>"; };
		EF2966A524B129D9000FB4A2 /* SmartShoppingListTests.xctest */ = {isa = PBXFileReference; explicitFileType = wrapper.cfbundle; includeInIndex = 0; path = SmartShoppingListTests.xctest; sourceTree = BUILT_PRODUCTS_DIR; };
		EF2966A924B129D9000FB4A2 /* SmartShoppingListTests.swift */ = {isa = PBXFileReference; lastKnownFileType = sourcecode.swift; path = SmartShoppingListTests.swift; sourceTree = "<group>"; };
		EF2966AB24B129D9000FB4A2 /* Info.plist */ = {isa = PBXFileReference; lastKnownFileType = text.plist.xml; path = Info.plist; sourceTree = "<group>"; };
		EF2966B024B129D9000FB4A2 /* SmartShoppingListUITests.xctest */ = {isa = PBXFileReference; explicitFileType = wrapper.cfbundle; includeInIndex = 0; path = SmartShoppingListUITests.xctest; sourceTree = BUILT_PRODUCTS_DIR; };
		EF2966B424B129D9000FB4A2 /* SmartShoppingListUITests.swift */ = {isa = PBXFileReference; lastKnownFileType = sourcecode.swift; path = SmartShoppingListUITests.swift; sourceTree = "<group>"; };
		EF2966B624B129D9000FB4A2 /* Info.plist */ = {isa = PBXFileReference; lastKnownFileType = text.plist.xml; path = Info.plist; sourceTree = "<group>"; };
		EF2966C224B3DF4E000FB4A2 /* HomeTableViewCell.swift */ = {isa = PBXFileReference; lastKnownFileType = sourcecode.swift; path = HomeTableViewCell.swift; sourceTree = "<group>"; };
		EF29674424B4070E000FB4A2 /* CircularProgress.swift */ = {isa = PBXFileReference; lastKnownFileType = sourcecode.swift; path = CircularProgress.swift; sourceTree = "<group>"; };
		EF29674624B41C32000FB4A2 /* ListItemsViewController.swift */ = {isa = PBXFileReference; lastKnownFileType = sourcecode.swift; path = ListItemsViewController.swift; sourceTree = "<group>"; };
		EF29674824B42739000FB4A2 /* ListItemsViewCell.swift */ = {isa = PBXFileReference; lastKnownFileType = sourcecode.swift; path = ListItemsViewCell.swift; sourceTree = "<group>"; };
		EF29674A24B68C37000FB4A2 /* ListItemEditViewController.swift */ = {isa = PBXFileReference; lastKnownFileType = sourcecode.swift; path = ListItemEditViewController.swift; sourceTree = "<group>"; };
		EF29674C24B6CFE9000FB4A2 /* ListEditViewController.swift */ = {isa = PBXFileReference; lastKnownFileType = sourcecode.swift; path = ListEditViewController.swift; sourceTree = "<group>"; };
		EF29674E24B6EC2E000FB4A2 /* MapViewController.swift */ = {isa = PBXFileReference; lastKnownFileType = sourcecode.swift; path = MapViewController.swift; sourceTree = "<group>"; };
		EFC7BA3924C03618003BD158 /* Shoplist+CoreDataClass.swift */ = {isa = PBXFileReference; lastKnownFileType = sourcecode.swift; path = "Shoplist+CoreDataClass.swift"; sourceTree = "<group>"; };
		EFC7BA3A24C03618003BD158 /* Shoplist+CoreDataProperties.swift */ = {isa = PBXFileReference; lastKnownFileType = sourcecode.swift; path = "Shoplist+CoreDataProperties.swift"; sourceTree = "<group>"; };
		EFE26CF924BFB45D00223F9D /* MainViewModel.swift */ = {isa = PBXFileReference; lastKnownFileType = sourcecode.swift; path = MainViewModel.swift; sourceTree = "<group>"; };
		EFE26CFB24BFB65F00223F9D /* MainRepository.swift */ = {isa = PBXFileReference; lastKnownFileType = sourcecode.swift; path = MainRepository.swift; sourceTree = "<group>"; };
		EFE26CFF24BFB97800223F9D /* DataManager.swift */ = {isa = PBXFileReference; lastKnownFileType = sourcecode.swift; path = DataManager.swift; sourceTree = "<group>"; };
/* End PBXFileReference section */

/* Begin PBXFrameworksBuildPhase section */
		EF29668924B129D7000FB4A2 /* Frameworks */ = {
			isa = PBXFrameworksBuildPhase;
			buildActionMask = 2147483647;
			files = (
			);
			runOnlyForDeploymentPostprocessing = 0;
		};
		EF2966A224B129D9000FB4A2 /* Frameworks */ = {
			isa = PBXFrameworksBuildPhase;
			buildActionMask = 2147483647;
			files = (
			);
			runOnlyForDeploymentPostprocessing = 0;
		};
		EF2966AD24B129D9000FB4A2 /* Frameworks */ = {
			isa = PBXFrameworksBuildPhase;
			buildActionMask = 2147483647;
			files = (
			);
			runOnlyForDeploymentPostprocessing = 0;
		};
/* End PBXFrameworksBuildPhase section */

/* Begin PBXGroup section */
		EF29668324B129D7000FB4A2 = {
			isa = PBXGroup;
			children = (
				EF29668E24B129D7000FB4A2 /* SmartShoppingList */,
				EF2966A824B129D9000FB4A2 /* SmartShoppingListTests */,
				EF2966B324B129D9000FB4A2 /* SmartShoppingListUITests */,
				EF29668D24B129D7000FB4A2 /* Products */,
			);
			sourceTree = "<group>";
		};
		EF29668D24B129D7000FB4A2 /* Products */ = {
			isa = PBXGroup;
			children = (
				EF29668C24B129D7000FB4A2 /* SmartShoppingList.app */,
				EF2966A524B129D9000FB4A2 /* SmartShoppingListTests.xctest */,
				EF2966B024B129D9000FB4A2 /* SmartShoppingListUITests.xctest */,
			);
			name = Products;
			sourceTree = "<group>";
		};
		EF29668E24B129D7000FB4A2 /* SmartShoppingList */ = {
			isa = PBXGroup;
			children = (
				EFE26D0124BFB97C00223F9D /* Services */,
				EFE26CFE24BFB84400223F9D /* coreDataDB */,
				EFE26CFD24BFB83E00223F9D /* App */,
				EFE26CF824BFB2F800223F9D /* viewmodel */,
				EFE26CF724BFB20C00223F9D /* viewcontroller */,
				EFE26CF624BE5A0000223F9D /* Data */,
				EFE26CFB24BFB65F00223F9D /* MainRepository.swift */,
				EF2966A024B129D9000FB4A2 /* Info.plist */,
				EF2966C224B3DF4E000FB4A2 /* HomeTableViewCell.swift */,
				EF29674424B4070E000FB4A2 /* CircularProgress.swift */,
				EF29674824B42739000FB4A2 /* ListItemsViewCell.swift */,
			);
			path = SmartShoppingList;
			sourceTree = "<group>";
		};
		EF2966A824B129D9000FB4A2 /* SmartShoppingListTests */ = {
			isa = PBXGroup;
			children = (
				EF2966A924B129D9000FB4A2 /* SmartShoppingListTests.swift */,
				EF2966AB24B129D9000FB4A2 /* Info.plist */,
			);
			path = SmartShoppingListTests;
			sourceTree = "<group>";
		};
		EF2966B324B129D9000FB4A2 /* SmartShoppingListUITests */ = {
			isa = PBXGroup;
			children = (
				EF2966B424B129D9000FB4A2 /* SmartShoppingListUITests.swift */,
				EF2966B624B129D9000FB4A2 /* Info.plist */,
			);
			path = SmartShoppingListUITests;
			sourceTree = "<group>";
		};
		EFE26CF624BE5A0000223F9D /* Data */ = {
			isa = PBXGroup;
			children = (
				EFC7BA3924C03618003BD158 /* Shoplist+CoreDataClass.swift */,
				EFC7BA3A24C03618003BD158 /* Shoplist+CoreDataProperties.swift */,
			);
			path = Data;
			sourceTree = "<group>";
		};
		EFE26CF724BFB20C00223F9D /* viewcontroller */ = {
			isa = PBXGroup;
			children = (
				EF29669324B129D7000FB4A2 /* ViewController.swift */,
				EF29674624B41C32000FB4A2 /* ListItemsViewController.swift */,
				EF29674A24B68C37000FB4A2 /* ListItemEditViewController.swift */,
				EF29674C24B6CFE9000FB4A2 /* ListEditViewController.swift */,
				EF29674E24B6EC2E000FB4A2 /* MapViewController.swift */,
			);
			path = viewcontroller;
			sourceTree = "<group>";
		};
		EFE26CF824BFB2F800223F9D /* viewmodel */ = {
			isa = PBXGroup;
			children = (
				EFE26CF924BFB45D00223F9D /* MainViewModel.swift */,
			);
			path = viewmodel;
			sourceTree = "<group>";
		};
		EFE26CFD24BFB83E00223F9D /* App */ = {
			isa = PBXGroup;
			children = (
				EF29668F24B129D7000FB4A2 /* AppDelegate.swift */,
				EF29669124B129D7000FB4A2 /* SceneDelegate.swift */,
				EF29669D24B129D9000FB4A2 /* LaunchScreen.storyboard */,
				EF29669B24B129D9000FB4A2 /* Assets.xcassets */,
			);
			path = App;
			sourceTree = "<group>";
		};
		EFE26CFE24BFB84400223F9D /* coreDataDB */ = {
			isa = PBXGroup;
			children = (
				EF29669824B129D7000FB4A2 /* SmartShoppingList.xcdatamodeld */,
			);
			path = coreDataDB;
			sourceTree = "<group>";
		};
		EFE26D0124BFB97C00223F9D /* Services */ = {
			isa = PBXGroup;
			children = (
				EFE26CFF24BFB97800223F9D /* DataManager.swift */,
			);
			path = Services;
			sourceTree = "<group>";
		};
/* End PBXGroup section */

/* Begin PBXNativeTarget section */
		EF29668B24B129D7000FB4A2 /* SmartShoppingList */ = {
			isa = PBXNativeTarget;
			buildConfigurationList = EF2966B924B129D9000FB4A2 /* Build configuration list for PBXNativeTarget "SmartShoppingList" */;
			buildPhases = (
				EF29668824B129D7000FB4A2 /* Sources */,
				EF29668924B129D7000FB4A2 /* Frameworks */,
				EF29668A24B129D7000FB4A2 /* Resources */,
			);
			buildRules = (
			);
			dependencies = (
			);
			name = SmartShoppingList;
			productName = SmartShoppingList;
			productReference = EF29668C24B129D7000FB4A2 /* SmartShoppingList.app */;
			productType = "com.apple.product-type.application";
		};
		EF2966A424B129D9000FB4A2 /* SmartShoppingListTests */ = {
			isa = PBXNativeTarget;
			buildConfigurationList = EF2966BC24B129D9000FB4A2 /* Build configuration list for PBXNativeTarget "SmartShoppingListTests" */;
			buildPhases = (
				EF2966A124B129D9000FB4A2 /* Sources */,
				EF2966A224B129D9000FB4A2 /* Frameworks */,
				EF2966A324B129D9000FB4A2 /* Resources */,
			);
			buildRules = (
			);
			dependencies = (
				EF2966A724B129D9000FB4A2 /* PBXTargetDependency */,
			);
			name = SmartShoppingListTests;
			productName = SmartShoppingListTests;
			productReference = EF2966A524B129D9000FB4A2 /* SmartShoppingListTests.xctest */;
			productType = "com.apple.product-type.bundle.unit-test";
		};
		EF2966AF24B129D9000FB4A2 /* SmartShoppingListUITests */ = {
			isa = PBXNativeTarget;
			buildConfigurationList = EF2966BF24B129D9000FB4A2 /* Build configuration list for PBXNativeTarget "SmartShoppingListUITests" */;
			buildPhases = (
				EF2966AC24B129D9000FB4A2 /* Sources */,
				EF2966AD24B129D9000FB4A2 /* Frameworks */,
				EF2966AE24B129D9000FB4A2 /* Resources */,
			);
			buildRules = (
			);
			dependencies = (
				EF2966B224B129D9000FB4A2 /* PBXTargetDependency */,
			);
			name = SmartShoppingListUITests;
			productName = SmartShoppingListUITests;
			productReference = EF2966B024B129D9000FB4A2 /* SmartShoppingListUITests.xctest */;
			productType = "com.apple.product-type.bundle.ui-testing";
		};
/* End PBXNativeTarget section */

/* Begin PBXProject section */
		EF29668424B129D7000FB4A2 /* Project object */ = {
			isa = PBXProject;
			attributes = {
				LastSwiftUpdateCheck = 1150;
				LastUpgradeCheck = 1150;
				ORGANIZATIONNAME = "naga vineel golla";
				TargetAttributes = {
					EF29668B24B129D7000FB4A2 = {
						CreatedOnToolsVersion = 11.5;
					};
					EF2966A424B129D9000FB4A2 = {
						CreatedOnToolsVersion = 11.5;
						TestTargetID = EF29668B24B129D7000FB4A2;
					};
					EF2966AF24B129D9000FB4A2 = {
						CreatedOnToolsVersion = 11.5;
						TestTargetID = EF29668B24B129D7000FB4A2;
					};
				};
			};
			buildConfigurationList = EF29668724B129D7000FB4A2 /* Build configuration list for PBXProject "SmartShoppingList" */;
			compatibilityVersion = "Xcode 9.3";
			developmentRegion = en;
			hasScannedForEncodings = 0;
			knownRegions = (
				en,
				Base,
			);
			mainGroup = EF29668324B129D7000FB4A2;
			productRefGroup = EF29668D24B129D7000FB4A2 /* Products */;
			projectDirPath = "";
			projectRoot = "";
			targets = (
				EF29668B24B129D7000FB4A2 /* SmartShoppingList */,
				EF2966A424B129D9000FB4A2 /* SmartShoppingListTests */,
				EF2966AF24B129D9000FB4A2 /* SmartShoppingListUITests */,
			);
		};
/* End PBXProject section */

/* Begin PBXResourcesBuildPhase section */
		EF29668A24B129D7000FB4A2 /* Resources */ = {
			isa = PBXResourcesBuildPhase;
			buildActionMask = 2147483647;
			files = (
				EF29669F24B129D9000FB4A2 /* LaunchScreen.storyboard in Resources */,
				EF29669C24B129D9000FB4A2 /* Assets.xcassets in Resources */,
			);
			runOnlyForDeploymentPostprocessing = 0;
		};
		EF2966A324B129D9000FB4A2 /* Resources */ = {
			isa = PBXResourcesBuildPhase;
			buildActionMask = 2147483647;
			files = (
			);
			runOnlyForDeploymentPostprocessing = 0;
		};
		EF2966AE24B129D9000FB4A2 /* Resources */ = {
			isa = PBXResourcesBuildPhase;
			buildActionMask = 2147483647;
			files = (
			);
			runOnlyForDeploymentPostprocessing = 0;
		};
/* End PBXResourcesBuildPhase section */

/* Begin PBXSourcesBuildPhase section */
		EF29668824B129D7000FB4A2 /* Sources */ = {
			isa = PBXSourcesBuildPhase;
			buildActionMask = 2147483647;
			files = (
				EF29669424B129D7000FB4A2 /* ViewController.swift in Sources */,
				EFC7BA3B24C03618003BD158 /* Shoplist+CoreDataClass.swift in Sources */,
				EF2966C324B3DF4E000FB4A2 /* HomeTableViewCell.swift in Sources */,
				EF29674B24B68C37000FB4A2 /* ListItemEditViewController.swift in Sources */,
				EFE26CFC24BFB65F00223F9D /* MainRepository.swift in Sources */,
				EFC7BA3C24C03618003BD158 /* Shoplist+CoreDataProperties.swift in Sources */,
				EF29674524B4070E000FB4A2 /* CircularProgress.swift in Sources */,
				EFE26CFA24BFB45D00223F9D /* MainViewModel.swift in Sources */,
				EF29674924B42739000FB4A2 /* ListItemsViewCell.swift in Sources */,
				EFE26D0024BFB97800223F9D /* DataManager.swift in Sources */,
				EF29669A24B129D7000FB4A2 /* SmartShoppingList.xcdatamodeld in Sources */,
				EF29669024B129D7000FB4A2 /* AppDelegate.swift in Sources */,
				EF29674F24B6EC2E000FB4A2 /* MapViewController.swift in Sources */,
				EF29674D24B6CFE9000FB4A2 /* ListEditViewController.swift in Sources */,
				EF29674724B41C32000FB4A2 /* ListItemsViewController.swift in Sources */,
				EF29669224B129D7000FB4A2 /* SceneDelegate.swift in Sources */,
			);
			runOnlyForDeploymentPostprocessing = 0;
		};
		EF2966A124B129D9000FB4A2 /* Sources */ = {
			isa = PBXSourcesBuildPhase;
			buildActionMask = 2147483647;
			files = (
				EF2966AA24B129D9000FB4A2 /* SmartShoppingListTests.swift in Sources */,
			);
			runOnlyForDeploymentPostprocessing = 0;
		};
		EF2966AC24B129D9000FB4A2 /* Sources */ = {
			isa = PBXSourcesBuildPhase;
			buildActionMask = 2147483647;
			files = (
				EF2966B524B129D9000FB4A2 /* SmartShoppingListUITests.swift in Sources */,
			);
			runOnlyForDeploymentPostprocessing = 0;
		};
/* End PBXSourcesBuildPhase section */

/* Begin PBXTargetDependency section */
		EF2966A724B129D9000FB4A2 /* PBXTargetDependency */ = {
			isa = PBXTargetDependency;
			target = EF29668B24B129D7000FB4A2 /* SmartShoppingList */;
			targetProxy = EF2966A624B129D9000FB4A2 /* PBXContainerItemProxy */;
		};
		EF2966B224B129D9000FB4A2 /* PBXTargetDependency */ = {
			isa = PBXTargetDependency;
			target = EF29668B24B129D7000FB4A2 /* SmartShoppingList */;
			targetProxy = EF2966B124B129D9000FB4A2 /* PBXContainerItemProxy */;
		};
/* End PBXTargetDependency section */

/* Begin PBXVariantGroup section */
		EF29669D24B129D9000FB4A2 /* LaunchScreen.storyboard */ = {
			isa = PBXVariantGroup;
			children = (
				EF29669E24B129D9000FB4A2 /* Base */,
			);
			name = LaunchScreen.storyboard;
			sourceTree = "<group>";
		};
/* End PBXVariantGroup section */

/* Begin XCBuildConfiguration section */
		EF2966B724B129D9000FB4A2 /* Debug */ = {
			isa = XCBuildConfiguration;
			buildSettings = {
				ALWAYS_SEARCH_USER_PATHS = NO;
				CLANG_ANALYZER_NONNULL = YES;
				CLANG_ANALYZER_NUMBER_OBJECT_CONVERSION = YES_AGGRESSIVE;
				CLANG_CXX_LANGUAGE_STANDARD = "gnu++14";
				CLANG_CXX_LIBRARY = "libc++";
				CLANG_ENABLE_MODULES = YES;
				CLANG_ENABLE_OBJC_ARC = YES;
				CLANG_ENABLE_OBJC_WEAK = YES;
				CLANG_WARN_BLOCK_CAPTURE_AUTORELEASING = YES;
				CLANG_WARN_BOOL_CONVERSION = YES;
				CLANG_WARN_COMMA = YES;
				CLANG_WARN_CONSTANT_CONVERSION = YES;
				CLANG_WARN_DEPRECATED_OBJC_IMPLEMENTATIONS = YES;
				CLANG_WARN_DIRECT_OBJC_ISA_USAGE = YES_ERROR;
				CLANG_WARN_DOCUMENTATION_COMMENTS = YES;
				CLANG_WARN_EMPTY_BODY = YES;
				CLANG_WARN_ENUM_CONVERSION = YES;
				CLANG_WARN_INFINITE_RECURSION = YES;
				CLANG_WARN_INT_CONVERSION = YES;
				CLANG_WARN_NON_LITERAL_NULL_CONVERSION = YES;
				CLANG_WARN_OBJC_IMPLICIT_RETAIN_SELF = YES;
				CLANG_WARN_OBJC_LITERAL_CONVERSION = YES;
				CLANG_WARN_OBJC_ROOT_CLASS = YES_ERROR;
				CLANG_WARN_RANGE_LOOP_ANALYSIS = YES;
				CLANG_WARN_STRICT_PROTOTYPES = YES;
				CLANG_WARN_SUSPICIOUS_MOVE = YES;
				CLANG_WARN_UNGUARDED_AVAILABILITY = YES_AGGRESSIVE;
				CLANG_WARN_UNREACHABLE_CODE = YES;
				CLANG_WARN__DUPLICATE_METHOD_MATCH = YES;
				COPY_PHASE_STRIP = NO;
				DEBUG_INFORMATION_FORMAT = dwarf;
				ENABLE_STRICT_OBJC_MSGSEND = YES;
				ENABLE_TESTABILITY = YES;
				GCC_C_LANGUAGE_STANDARD = gnu11;
				GCC_DYNAMIC_NO_PIC = NO;
				GCC_NO_COMMON_BLOCKS = YES;
				GCC_OPTIMIZATION_LEVEL = 0;
				GCC_PREPROCESSOR_DEFINITIONS = (
					"DEBUG=1",
					"$(inherited)",
				);
				GCC_WARN_64_TO_32_BIT_CONVERSION = YES;
				GCC_WARN_ABOUT_RETURN_TYPE = YES_ERROR;
				GCC_WARN_UNDECLARED_SELECTOR = YES;
				GCC_WARN_UNINITIALIZED_AUTOS = YES_AGGRESSIVE;
				GCC_WARN_UNUSED_FUNCTION = YES;
				GCC_WARN_UNUSED_VARIABLE = YES;
				IPHONEOS_DEPLOYMENT_TARGET = 13.5;
				MTL_ENABLE_DEBUG_INFO = INCLUDE_SOURCE;
				MTL_FAST_MATH = YES;
				ONLY_ACTIVE_ARCH = YES;
				SDKROOT = iphoneos;
				SWIFT_ACTIVE_COMPILATION_CONDITIONS = DEBUG;
				SWIFT_OPTIMIZATION_LEVEL = "-Onone";
			};
			name = Debug;
		};
		EF2966B824B129D9000FB4A2 /* Release */ = {
			isa = XCBuildConfiguration;
			buildSettings = {
				ALWAYS_SEARCH_USER_PATHS = NO;
				CLANG_ANALYZER_NONNULL = YES;
				CLANG_ANALYZER_NUMBER_OBJECT_CONVERSION = YES_AGGRESSIVE;
				CLANG_CXX_LANGUAGE_STANDARD = "gnu++14";
				CLANG_CXX_LIBRARY = "libc++";
				CLANG_ENABLE_MODULES = YES;
				CLANG_ENABLE_OBJC_ARC = YES;
				CLANG_ENABLE_OBJC_WEAK = YES;
				CLANG_WARN_BLOCK_CAPTURE_AUTORELEASING = YES;
				CLANG_WARN_BOOL_CONVERSION = YES;
				CLANG_WARN_COMMA = YES;
				CLANG_WARN_CONSTANT_CONVERSION = YES;
				CLANG_WARN_DEPRECATED_OBJC_IMPLEMENTATIONS = YES;
				CLANG_WARN_DIRECT_OBJC_ISA_USAGE = YES_ERROR;
				CLANG_WARN_DOCUMENTATION_COMMENTS = YES;
				CLANG_WARN_EMPTY_BODY = YES;
				CLANG_WARN_ENUM_CONVERSION = YES;
				CLANG_WARN_INFINITE_RECURSION = YES;
				CLANG_WARN_INT_CONVERSION = YES;
				CLANG_WARN_NON_LITERAL_NULL_CONVERSION = YES;
				CLANG_WARN_OBJC_IMPLICIT_RETAIN_SELF = YES;
				CLANG_WARN_OBJC_LITERAL_CONVERSION = YES;
				CLANG_WARN_OBJC_ROOT_CLASS = YES_ERROR;
				CLANG_WARN_RANGE_LOOP_ANALYSIS = YES;
				CLANG_WARN_STRICT_PROTOTYPES = YES;
				CLANG_WARN_SUSPICIOUS_MOVE = YES;
				CLANG_WARN_UNGUARDED_AVAILABILITY = YES_AGGRESSIVE;
				CLANG_WARN_UNREACHABLE_CODE = YES;
				CLANG_WARN__DUPLICATE_METHOD_MATCH = YES;
				COPY_PHASE_STRIP = NO;
				DEBUG_INFORMATION_FORMAT = "dwarf-with-dsym";
				ENABLE_NS_ASSERTIONS = NO;
				ENABLE_STRICT_OBJC_MSGSEND = YES;
				GCC_C_LANGUAGE_STANDARD = gnu11;
				GCC_NO_COMMON_BLOCKS = YES;
				GCC_WARN_64_TO_32_BIT_CONVERSION = YES;
				GCC_WARN_ABOUT_RETURN_TYPE = YES_ERROR;
				GCC_WARN_UNDECLARED_SELECTOR = YES;
				GCC_WARN_UNINITIALIZED_AUTOS = YES_AGGRESSIVE;
				GCC_WARN_UNUSED_FUNCTION = YES;
				GCC_WARN_UNUSED_VARIABLE = YES;
				IPHONEOS_DEPLOYMENT_TARGET = 13.5;
				MTL_ENABLE_DEBUG_INFO = NO;
				MTL_FAST_MATH = YES;
				SDKROOT = iphoneos;
				SWIFT_COMPILATION_MODE = wholemodule;
				SWIFT_OPTIMIZATION_LEVEL = "-O";
				VALIDATE_PRODUCT = YES;
			};
			name = Release;
		};
		EF2966BA24B129D9000FB4A2 /* Debug */ = {
			isa = XCBuildConfiguration;
			buildSettings = {
				ASSETCATALOG_COMPILER_APPICON_NAME = AppIcon;
				CODE_SIGN_STYLE = Automatic;
				DEVELOPMENT_TEAM = BM54VDV37Y;
				INFOPLIST_FILE = SmartShoppingList/Info.plist;
				LD_RUNPATH_SEARCH_PATHS = (
					"$(inherited)",
					"@executable_path/Frameworks",
				);
				PRODUCT_BUNDLE_IDENTIFIER = com.vineelgolla.SmartShoppingList;
				PRODUCT_NAME = "$(TARGET_NAME)";
				SWIFT_VERSION = 5.0;
				TARGETED_DEVICE_FAMILY = "1,2";
			};
			name = Debug;
		};
		EF2966BB24B129D9000FB4A2 /* Release */ = {
			isa = XCBuildConfiguration;
			buildSettings = {
				ASSETCATALOG_COMPILER_APPICON_NAME = AppIcon;
				CODE_SIGN_STYLE = Automatic;
				DEVELOPMENT_TEAM = BM54VDV37Y;
				INFOPLIST_FILE = SmartShoppingList/Info.plist;
				LD_RUNPATH_SEARCH_PATHS = (
					"$(inherited)",
					"@executable_path/Frameworks",
				);
				PRODUCT_BUNDLE_IDENTIFIER = com.vineelgolla.SmartShoppingList;
				PRODUCT_NAME = "$(TARGET_NAME)";
				SWIFT_VERSION = 5.0;
				TARGETED_DEVICE_FAMILY = "1,2";
			};
			name = Release;
		};
		EF2966BD24B129D9000FB4A2 /* Debug */ = {
			isa = XCBuildConfiguration;
			buildSettings = {
				ALWAYS_EMBED_SWIFT_STANDARD_LIBRARIES = YES;
				BUNDLE_LOADER = "$(TEST_HOST)";
				CODE_SIGN_STYLE = Automatic;
				DEVELOPMENT_TEAM = BM54VDV37Y;
				INFOPLIST_FILE = SmartShoppingListTests/Info.plist;
				IPHONEOS_DEPLOYMENT_TARGET = 13.5;
				LD_RUNPATH_SEARCH_PATHS = (
					"$(inherited)",
					"@executable_path/Frameworks",
					"@loader_path/Frameworks",
				);
				PRODUCT_BUNDLE_IDENTIFIER = com.vineelgolla.SmartShoppingListTests;
				PRODUCT_NAME = "$(TARGET_NAME)";
				SWIFT_VERSION = 5.0;
				TARGETED_DEVICE_FAMILY = "1,2";
				TEST_HOST = "$(BUILT_PRODUCTS_DIR)/SmartShoppingList.app/SmartShoppingList";
			};
			name = Debug;
		};
		EF2966BE24B129D9000FB4A2 /* Release */ = {
			isa = XCBuildConfiguration;
			buildSettings = {
				ALWAYS_EMBED_SWIFT_STANDARD_LIBRARIES = YES;
				BUNDLE_LOADER = "$(TEST_HOST)";
				CODE_SIGN_STYLE = Automatic;
				DEVELOPMENT_TEAM = BM54VDV37Y;
				INFOPLIST_FILE = SmartShoppingListTests/Info.plist;
				IPHONEOS_DEPLOYMENT_TARGET = 13.5;
				LD_RUNPATH_SEARCH_PATHS = (
					"$(inherited)",
					"@executable_path/Frameworks",
					"@loader_path/Frameworks",
				);
				PRODUCT_BUNDLE_IDENTIFIER = com.vineelgolla.SmartShoppingListTests;
				PRODUCT_NAME = "$(TARGET_NAME)";
				SWIFT_VERSION = 5.0;
				TARGETED_DEVICE_FAMILY = "1,2";
				TEST_HOST = "$(BUILT_PRODUCTS_DIR)/SmartShoppingList.app/SmartShoppingList";
			};
			name = Release;
		};
		EF2966C024B129D9000FB4A2 /* Debug */ = {
			isa = XCBuildConfiguration;
			buildSettings = {
				ALWAYS_EMBED_SWIFT_STANDARD_LIBRARIES = YES;
				CODE_SIGN_STYLE = Automatic;
				DEVELOPMENT_TEAM = BM54VDV37Y;
				INFOPLIST_FILE = SmartShoppingListUITests/Info.plist;
				LD_RUNPATH_SEARCH_PATHS = (
					"$(inherited)",
					"@executable_path/Frameworks",
					"@loader_path/Frameworks",
				);
				PRODUCT_BUNDLE_IDENTIFIER = com.vineelgolla.SmartShoppingListUITests;
				PRODUCT_NAME = "$(TARGET_NAME)";
				SWIFT_VERSION = 5.0;
				TARGETED_DEVICE_FAMILY = "1,2";
				TEST_TARGET_NAME = SmartShoppingList;
			};
			name = Debug;
		};
		EF2966C124B129D9000FB4A2 /* Release */ = {
			isa = XCBuildConfiguration;
			buildSettings = {
				ALWAYS_EMBED_SWIFT_STANDARD_LIBRARIES = YES;
				CODE_SIGN_STYLE = Automatic;
				DEVELOPMENT_TEAM = BM54VDV37Y;
				INFOPLIST_FILE = SmartShoppingListUITests/Info.plist;
				LD_RUNPATH_SEARCH_PATHS = (
					"$(inherited)",
					"@executable_path/Frameworks",
					"@loader_path/Frameworks",
				);
				PRODUCT_BUNDLE_IDENTIFIER = com.vineelgolla.SmartShoppingListUITests;
				PRODUCT_NAME = "$(TARGET_NAME)";
				SWIFT_VERSION = 5.0;
				TARGETED_DEVICE_FAMILY = "1,2";
				TEST_TARGET_NAME = SmartShoppingList;
			};
			name = Release;
		};
/* End XCBuildConfiguration section */

/* Begin XCConfigurationList section */
		EF29668724B129D7000FB4A2 /* Build configuration list for PBXProject "SmartShoppingList" */ = {
			isa = XCConfigurationList;
			buildConfigurations = (
				EF2966B724B129D9000FB4A2 /* Debug */,
				EF2966B824B129D9000FB4A2 /* Release */,
			);
			defaultConfigurationIsVisible = 0;
			defaultConfigurationName = Release;
		};
		EF2966B924B129D9000FB4A2 /* Build configuration list for PBXNativeTarget "SmartShoppingList" */ = {
			isa = XCConfigurationList;
			buildConfigurations = (
				EF2966BA24B129D9000FB4A2 /* Debug */,
				EF2966BB24B129D9000FB4A2 /* Release */,
			);
			defaultConfigurationIsVisible = 0;
			defaultConfigurationName = Release;
		};
		EF2966BC24B129D9000FB4A2 /* Build configuration list for PBXNativeTarget "SmartShoppingListTests" */ = {
			isa = XCConfigurationList;
			buildConfigurations = (
				EF2966BD24B129D9000FB4A2 /* Debug */,
				EF2966BE24B129D9000FB4A2 /* Release */,
			);
			defaultConfigurationIsVisible = 0;
			defaultConfigurationName = Release;
		};
		EF2966BF24B129D9000FB4A2 /* Build configuration list for PBXNativeTarget "SmartShoppingListUITests" */ = {
			isa = XCConfigurationList;
			buildConfigurations = (
				EF2966C024B129D9000FB4A2 /* Debug */,
				EF2966C124B129D9000FB4A2 /* Release */,
			);
			defaultConfigurationIsVisible = 0;
			defaultConfigurationName = Release;
		};
/* End XCConfigurationList section */

/* Begin XCVersionGroup section */
		EF29669824B129D7000FB4A2 /* SmartShoppingList.xcdatamodeld */ = {
			isa = XCVersionGroup;
			children = (
				EF29669924B129D7000FB4A2 /* SmartShoppingList.xcdatamodel */,
			);
			currentVersion = EF29669924B129D7000FB4A2 /* SmartShoppingList.xcdatamodel */;
			path = SmartShoppingList.xcdatamodeld;
			sourceTree = "<group>";
			versionGroupType = wrapper.xcdatamodel;
		};
/* End XCVersionGroup section */
	};
	rootObject = EF29668424B129D7000FB4A2 /* Project object */;
}
